
Microsoft Visual Studio Solution File, Format Version 12.00
# Visual Studio 14
VisualStudioVersion = 14.0.23107.0
MinimumVisualStudioVersion = 10.0.40219.1
Project("{FAE04EC0-301F-11D3-BF4B-00C04F79EFBC}") = "TestGame", "TestGame\TestGame.csproj", "{EC8686E0-C67C-483F-BE11-CFD98B6B0DDF}"
EndProject
Project("{FAE04EC0-301F-11D3-BF4B-00C04F79EFBC}") = "NumberMiniGame", "NumberMiniGame\NumberMiniGame\NumberMiniGame.csproj", "{5DAC4244-4096-4DDB-80F6-9F82B5D9DCAD}"
EndProject
Project("{FAE04EC0-301F-11D3-BF4B-00C04F79EFBC}") = "Lab2", "Memory\Lab2\Lab2.csproj", "{8DCFFBF6-EF11-4810-83B8-4B5B8E8145F5}"
EndProject
Project("{FAE04EC0-301F-11D3-BF4B-00C04F79EFBC}") = "MiniGameSwiming", "MiniGameSwiming\MiniGameSwiming.csproj", "{0D8540B8-9632-48D0-B940-2BAEFD553FF8}"
EndProject
Global
	GlobalSection(SolutionConfigurationPlatforms) = preSolution
		Debug|x86 = Debug|x86
		Release|x86 = Release|x86
	EndGlobalSection
	GlobalSection(ProjectConfigurationPlatforms) = postSolution
		{EC8686E0-C67C-483F-BE11-CFD98B6B0DDF}.Debug|x86.ActiveCfg = Debug|x86
		{EC8686E0-C67C-483F-BE11-CFD98B6B0DDF}.Debug|x86.Build.0 = Debug|x86
		{EC8686E0-C67C-483F-BE11-CFD98B6B0DDF}.Release|x86.ActiveCfg = Release|x86
		{EC8686E0-C67C-483F-BE11-CFD98B6B0DDF}.Release|x86.Build.0 = Release|x86
		{5DAC4244-4096-4DDB-80F6-9F82B5D9DCAD}.Debug|x86.ActiveCfg = Debug|x86
		{5DAC4244-4096-4DDB-80F6-9F82B5D9DCAD}.Debug|x86.Build.0 = Debug|x86
		{5DAC4244-4096-4DDB-80F6-9F82B5D9DCAD}.Release|x86.ActiveCfg = Release|x86
		{5DAC4244-4096-4DDB-80F6-9F82B5D9DCAD}.Release|x86.Build.0 = Release|x86
		{8DCFFBF6-EF11-4810-83B8-4B5B8E8145F5}.Debug|x86.ActiveCfg = Debug|x86
		{8DCFFBF6-EF11-4810-83B8-4B5B8E8145F5}.Debug|x86.Build.0 = Debug|x86
		{8DCFFBF6-EF11-4810-83B8-4B5B8E8145F5}.Release|x86.ActiveCfg = Release|x86
		{8DCFFBF6-EF11-4810-83B8-4B5B8E8145F5}.Release|x86.Build.0 = Release|x86
		{0D8540B8-9632-48D0-B940-2BAEFD553FF8}.Debug|x86.ActiveCfg = Debug|x86
		{0D8540B8-9632-48D0-B940-2BAEFD553FF8}.Debug|x86.Build.0 = Debug|x86
		{0D8540B8-9632-48D0-B940-2BAEFD553FF8}.Release|x86.ActiveCfg = Release|x86
		{0D8540B8-9632-48D0-B940-2BAEFD553FF8}.Release|x86.Build.0 = Release|x86
	EndGlobalSection
	GlobalSection(SolutionProperties) = preSolution
		HideSolutionNode = FALSE
	EndGlobalSection
EndGlobal
